
Microsoft Visual Studio Solution File, Format Version 12.00
# Visual Studio Version 16
VisualStudioVersion = 16.0.31624.102
MinimumVisualStudioVersion = 10.0.40219.1
Project("{9A19103F-16F7-4668-BE54-9A1E7A4F7556}") = "Server", "Server.csproj", "{68951438-EB85-4A0F-AB41-B784CE8E8C86}"
EndProject
Project("{FAE04EC0-301F-11D3-BF4B-00C04F79EFBC}") = "JwtCookieAuth", "..\JwtCookieAuth\JwtCookieAuth.csproj", "{694769AA-11A5-4888-A61E-BE66219E1B9E}"
EndProject
Global
	GlobalSection(SolutionConfigurationPlatforms) = preSolution
		Debug|Any CPU = Debug|Any CPU
		Release|Any CPU = Release|Any CPU
	EndGlobalSection
	GlobalSection(ProjectConfigurationPlatforms) = postSolution
		{68951438-EB85-4A0F-AB41-B784CE8E8C86}.Debug|Any CPU.ActiveCfg = Debug|Any CPU
		{68951438-EB85-4A0F-AB41-B784CE8E8C86}.Debug|Any CPU.Build.0 = Debug|Any CPU
		{68951438-EB85-4A0F-AB41-B784CE8E8C86}.Release|Any CPU.ActiveCfg = Release|Any CPU
		{68951438-EB85-4A0F-AB41-B784CE8E8C86}.Release|Any CPU.Build.0 = Release|Any CPU
		{694769AA-11A5-4888-A61E-BE66219E1B9E}.Debug|Any CPU.ActiveCfg = Debug|Any CPU
		{694769AA-11A5-4888-A61E-BE66219E1B9E}.Debug|Any CPU.Build.0 = Debug|Any CPU
		{694769AA-11A5-4888-A61E-BE66219E1B9E}.Release|Any CPU.ActiveCfg = Release|Any CPU
		{694769AA-11A5-4888-A61E-BE66219E1B9E}.Release|Any CPU.Build.0 = Release|Any CPU
	EndGlobalSection
	GlobalSection(SolutionProperties) = preSolution
		HideSolutionNode = FALSE
	EndGlobalSection
	GlobalSection(ExtensibilityGlobals) = postSolution
		SolutionGuid = {30B4A5B8-A8DE-496A-A136-5EC2318F5F73}
	EndGlobalSection
EndGlobal
